// !$*UTF8*$!
{
	archiveVersion = 1;
	classes = {
	};
	objectVersion = 50;
	objects = {

/* Begin PBXBuildFile section */
		DF0DFF2224DD2A0F004BF99C /* prefixOfWord.cpp in Sources */ = {isa = PBXBuildFile; fileRef = DF0DFF2124DD2A0F004BF99C /* prefixOfWord.cpp */; };
		DF12E6A024D69DFD00551B34 /* DestinationCity.cpp in Sources */ = {isa = PBXBuildFile; fileRef = DF12E69F24D69DFD00551B34 /* DestinationCity.cpp */; };
		DF12E6A224D6ABD300551B34 /* StackOperations.cpp in Sources */ = {isa = PBXBuildFile; fileRef = DF12E6A124D6ABD300551B34 /* StackOperations.cpp */; };
		DF12E6A624DBD8D200551B34 /* consecutive_characters.cpp in Sources */ = {isa = PBXBuildFile; fileRef = DF12E6A524DBD8D200551B34 /* consecutive_characters.cpp */; };
		DF12E6A824DBF0FD00551B34 /* busyStudent.cpp in Sources */ = {isa = PBXBuildFile; fileRef = DF12E6A724DBF0FD00551B34 /* busyStudent.cpp */; };
		DF35703924E0780C0065903B /* ConsecutiveOnes.cpp in Sources */ = {isa = PBXBuildFile; fileRef = DF35703824E0780C0065903B /* ConsecutiveOnes.cpp */; };
		DF35703B24E07E560065903B /* NumsEvenCount.cpp in Sources */ = {isa = PBXBuildFile; fileRef = DF35703A24E07E560065903B /* NumsEvenCount.cpp */; };
		DF35703D24E092370065903B /* QuickSort.cpp in Sources */ = {isa = PBXBuildFile; fileRef = DF35703C24E092370065903B /* QuickSort.cpp */; };
		DF35703F24E09B2E0065903B /* sortedSquares.cpp in Sources */ = {isa = PBXBuildFile; fileRef = DF35703E24E09B2E0065903B /* sortedSquares.cpp */; };
		DF35704124E0A39A0065903B /* containDuplicate.cpp in Sources */ = {isa = PBXBuildFile; fileRef = DF35704024E0A39A0065903B /* containDuplicate.cpp */; };
		DF35704324E0AB460065903B /* arrayIntersection.cpp in Sources */ = {isa = PBXBuildFile; fileRef = DF35704224E0AB460065903B /* arrayIntersection.cpp */; };
		DF35704524E0B2610065903B /* plusOne.cpp in Sources */ = {isa = PBXBuildFile; fileRef = DF35704424E0B2610065903B /* plusOne.cpp */; };
		DF35704724E1D8B90065903B /* swapString.cpp in Sources */ = {isa = PBXBuildFile; fileRef = DF35704624E1D8B90065903B /* swapString.cpp */; };
		DFA4161824D4A619007A896D /* RemoveDuplicate.cpp in Sources */ = {isa = PBXBuildFile; fileRef = DFA4161724D4A619007A896D /* RemoveDuplicate.cpp */; };
		DFA4161F24D5076C007A896D /* BestTimetoBuy.cpp in Sources */ = {isa = PBXBuildFile; fileRef = DFA4161E24D5076C007A896D /* BestTimetoBuy.cpp */; };
		DFA4162124D50B52007A896D /* RunningSum.cpp in Sources */ = {isa = PBXBuildFile; fileRef = DFA4162024D50B52007A896D /* RunningSum.cpp */; };
		DFA4162324D51149007A896D /* Shuffle.cpp in Sources */ = {isa = PBXBuildFile; fileRef = DFA4162224D51149007A896D /* Shuffle.cpp */; };
		DFA4162524D5264C007A896D /* GreatestNoOfCandies.cpp in Sources */ = {isa = PBXBuildFile; fileRef = DFA4162424D5264C007A896D /* GreatestNoOfCandies.cpp */; };
/* End PBXBuildFile section */

/* Begin PBXCopyFilesBuildPhase section */
		DFA4161224D4A619007A896D /* CopyFiles */ = {
			isa = PBXCopyFilesBuildPhase;
			buildActionMask = 2147483647;
			dstPath = /usr/share/man/man1/;
			dstSubfolderSpec = 0;
			files = (
			);
			runOnlyForDeploymentPostprocessing = 1;
		};
/* End PBXCopyFilesBuildPhase section */

/* Begin PBXFileReference section */
		DF0DFF2124DD2A0F004BF99C /* prefixOfWord.cpp */ = {isa = PBXFileReference; lastKnownFileType = sourcecode.cpp.cpp; path = prefixOfWord.cpp; sourceTree = "<group>"; };
		DF12E69F24D69DFD00551B34 /* DestinationCity.cpp */ = {isa = PBXFileReference; lastKnownFileType = sourcecode.cpp.cpp; path = DestinationCity.cpp; sourceTree = "<group>"; };
		DF12E6A124D6ABD300551B34 /* StackOperations.cpp */ = {isa = PBXFileReference; lastKnownFileType = sourcecode.cpp.cpp; path = StackOperations.cpp; sourceTree = "<group>"; };
		DF12E6A524DBD8D200551B34 /* consecutive_characters.cpp */ = {isa = PBXFileReference; lastKnownFileType = sourcecode.cpp.cpp; path = consecutive_characters.cpp; sourceTree = "<group>"; };
		DF12E6A724DBF0FD00551B34 /* busyStudent.cpp */ = {isa = PBXFileReference; lastKnownFileType = sourcecode.cpp.cpp; path = busyStudent.cpp; sourceTree = "<group>"; };
		DF35703824E0780C0065903B /* ConsecutiveOnes.cpp */ = {isa = PBXFileReference; lastKnownFileType = sourcecode.cpp.cpp; path = ConsecutiveOnes.cpp; sourceTree = "<group>"; };
		DF35703A24E07E560065903B /* NumsEvenCount.cpp */ = {isa = PBXFileReference; lastKnownFileType = sourcecode.cpp.cpp; path = NumsEvenCount.cpp; sourceTree = "<group>"; };
		DF35703C24E092370065903B /* QuickSort.cpp */ = {isa = PBXFileReference; lastKnownFileType = sourcecode.cpp.cpp; path = QuickSort.cpp; sourceTree = "<group>"; };
		DF35703E24E09B2E0065903B /* sortedSquares.cpp */ = {isa = PBXFileReference; lastKnownFileType = sourcecode.cpp.cpp; path = sortedSquares.cpp; sourceTree = "<group>"; };
		DF35704024E0A39A0065903B /* containDuplicate.cpp */ = {isa = PBXFileReference; lastKnownFileType = sourcecode.cpp.cpp; path = containDuplicate.cpp; sourceTree = "<group>"; };
		DF35704224E0AB460065903B /* arrayIntersection.cpp */ = {isa = PBXFileReference; lastKnownFileType = sourcecode.cpp.cpp; path = arrayIntersection.cpp; sourceTree = "<group>"; };
		DF35704424E0B2610065903B /* plusOne.cpp */ = {isa = PBXFileReference; lastKnownFileType = sourcecode.cpp.cpp; path = plusOne.cpp; sourceTree = "<group>"; };
		DF35704624E1D8B90065903B /* swapString.cpp */ = {isa = PBXFileReference; lastKnownFileType = sourcecode.cpp.cpp; path = swapString.cpp; sourceTree = "<group>"; };
		DFA4161424D4A619007A896D /* TwoSums */ = {isa = PBXFileReference; explicitFileType = "compiled.mach-o.executable"; includeInIndex = 0; path = TwoSums; sourceTree = BUILT_PRODUCTS_DIR; };
		DFA4161724D4A619007A896D /* RemoveDuplicate.cpp */ = {isa = PBXFileReference; lastKnownFileType = sourcecode.cpp.cpp; path = RemoveDuplicate.cpp; sourceTree = "<group>"; };
		DFA4161E24D5076C007A896D /* BestTimetoBuy.cpp */ = {isa = PBXFileReference; lastKnownFileType = sourcecode.cpp.cpp; path = BestTimetoBuy.cpp; sourceTree = "<group>"; };
		DFA4162024D50B52007A896D /* RunningSum.cpp */ = {isa = PBXFileReference; lastKnownFileType = sourcecode.cpp.cpp; path = RunningSum.cpp; sourceTree = "<group>"; };
		DFA4162224D51149007A896D /* Shuffle.cpp */ = {isa = PBXFileReference; lastKnownFileType = sourcecode.cpp.cpp; path = Shuffle.cpp; sourceTree = "<group>"; };
		DFA4162424D5264C007A896D /* GreatestNoOfCandies.cpp */ = {isa = PBXFileReference; lastKnownFileType = sourcecode.cpp.cpp; path = GreatestNoOfCandies.cpp; sourceTree = "<group>"; };
/* End PBXFileReference section */

/* Begin PBXFrameworksBuildPhase section */
		DFA4161124D4A619007A896D /* Frameworks */ = {
			isa = PBXFrameworksBuildPhase;
			buildActionMask = 2147483647;
			files = (
			);
			runOnlyForDeploymentPostprocessing = 0;
		};
/* End PBXFrameworksBuildPhase section */

/* Begin PBXGroup section */
		DFA4160B24D4A619007A896D = {
			isa = PBXGroup;
			children = (
				DFA4161624D4A619007A896D /* LeetCode */,
				DFA4161524D4A619007A896D /* Products */,
			);
			sourceTree = "<group>";
		};
		DFA4161524D4A619007A896D /* Products */ = {
			isa = PBXGroup;
			children = (
				DFA4161424D4A619007A896D /* TwoSums */,
			);
			name = Products;
			sourceTree = "<group>";
		};
		DFA4161624D4A619007A896D /* LeetCode */ = {
			isa = PBXGroup;
			children = (
				DFA4161724D4A619007A896D /* RemoveDuplicate.cpp */,
				DFA4161E24D5076C007A896D /* BestTimetoBuy.cpp */,
				DFA4162024D50B52007A896D /* RunningSum.cpp */,
				DFA4162224D51149007A896D /* Shuffle.cpp */,
				DFA4162424D5264C007A896D /* GreatestNoOfCandies.cpp */,
				DF12E69F24D69DFD00551B34 /* DestinationCity.cpp */,
				DF12E6A124D6ABD300551B34 /* StackOperations.cpp */,
				DF12E6A524DBD8D200551B34 /* consecutive_characters.cpp */,
				DF12E6A724DBF0FD00551B34 /* busyStudent.cpp */,
				DF0DFF2124DD2A0F004BF99C /* prefixOfWord.cpp */,
				DF35703824E0780C0065903B /* ConsecutiveOnes.cpp */,
				DF35703A24E07E560065903B /* NumsEvenCount.cpp */,
				DF35703C24E092370065903B /* QuickSort.cpp */,
				DF35703E24E09B2E0065903B /* sortedSquares.cpp */,
				DF35704024E0A39A0065903B /* containDuplicate.cpp */,
				DF35704224E0AB460065903B /* arrayIntersection.cpp */,
				DF35704424E0B2610065903B /* plusOne.cpp */,
				DF35704624E1D8B90065903B /* swapString.cpp */,
			);
			path = LeetCode;
			sourceTree = "<group>";
		};
/* End PBXGroup section */

/* Begin PBXNativeTarget section */
		DFA4161324D4A619007A896D /* TwoSums */ = {
			isa = PBXNativeTarget;
			buildConfigurationList = DFA4161B24D4A619007A896D /* Build configuration list for PBXNativeTarget "TwoSums" */;
			buildPhases = (
				DFA4161024D4A619007A896D /* Sources */,
				DFA4161124D4A619007A896D /* Frameworks */,
				DFA4161224D4A619007A896D /* CopyFiles */,
			);
			buildRules = (
			);
			dependencies = (
			);
			name = TwoSums;
			productName = TwoSums;
			productReference = DFA4161424D4A619007A896D /* TwoSums */;
			productType = "com.apple.product-type.tool";
		};
/* End PBXNativeTarget section */

/* Begin PBXProject section */
		DFA4160C24D4A619007A896D /* Project object */ = {
			isa = PBXProject;
			attributes = {
				LastUpgradeCheck = 1130;
				ORGANIZATIONNAME = "Nisun Alade";
				TargetAttributes = {
					DFA4161324D4A619007A896D = {
						CreatedOnToolsVersion = 11.3;
					};
				};
			};
			buildConfigurationList = DFA4160F24D4A619007A896D /* Build configuration list for PBXProject "TwoSums" */;
			compatibilityVersion = "Xcode 9.3";
			developmentRegion = en;
			hasScannedForEncodings = 0;
			knownRegions = (
				en,
				Base,
			);
			mainGroup = DFA4160B24D4A619007A896D;
			productRefGroup = DFA4161524D4A619007A896D /* Products */;
			projectDirPath = "";
			projectRoot = "";
			targets = (
				DFA4161324D4A619007A896D /* TwoSums */,
			);
		};
/* End PBXProject section */

/* Begin PBXSourcesBuildPhase section */
		DFA4161024D4A619007A896D /* Sources */ = {
			isa = PBXSourcesBuildPhase;
			buildActionMask = 2147483647;
			files = (
				DF35704124E0A39A0065903B /* containDuplicate.cpp in Sources */,
				DFA4162124D50B52007A896D /* RunningSum.cpp in Sources */,
				DF12E6A024D69DFD00551B34 /* DestinationCity.cpp in Sources */,
				DF12E6A624DBD8D200551B34 /* consecutive_characters.cpp in Sources */,
				DF12E6A224D6ABD300551B34 /* StackOperations.cpp in Sources */,
				DF0DFF2224DD2A0F004BF99C /* prefixOfWord.cpp in Sources */,
				DF35703F24E09B2E0065903B /* sortedSquares.cpp in Sources */,
				DFA4162524D5264C007A896D /* GreatestNoOfCandies.cpp in Sources */,
				DF35703924E0780C0065903B /* ConsecutiveOnes.cpp in Sources */,
				DF12E6A824DBF0FD00551B34 /* busyStudent.cpp in Sources */,
				DF35703B24E07E560065903B /* NumsEvenCount.cpp in Sources */,
				DF35703D24E092370065903B /* QuickSort.cpp in Sources */,
				DF35704324E0AB460065903B /* arrayIntersection.cpp in Sources */,
				DFA4162324D51149007A896D /* Shuffle.cpp in Sources */,
				DF35704524E0B2610065903B /* plusOne.cpp in Sources */,
				DF35704724E1D8B90065903B /* swapString.cpp in Sources */,
				DFA4161F24D5076C007A896D /* BestTimetoBuy.cpp in Sources */,
				DFA4161824D4A619007A896D /* RemoveDuplicate.cpp in Sources */,
			);
			runOnlyForDeploymentPostprocessing = 0;
		};
/* End PBXSourcesBuildPhase section */

/* Begin XCBuildConfiguration section */
		DFA4161924D4A619007A896D /* Debug */ = {
			isa = XCBuildConfiguration;
			buildSettings = {
				ALWAYS_SEARCH_USER_PATHS = NO;
				CLANG_ANALYZER_NONNULL = YES;
				CLANG_ANALYZER_NUMBER_OBJECT_CONVERSION = YES_AGGRESSIVE;
				CLANG_CXX_LANGUAGE_STANDARD = "gnu++14";
				CLANG_CXX_LIBRARY = "libc++";
				CLANG_ENABLE_MODULES = YES;
				CLANG_ENABLE_OBJC_ARC = YES;
				CLANG_ENABLE_OBJC_WEAK = YES;
				CLANG_WARN_BLOCK_CAPTURE_AUTORELEASING = YES;
				CLANG_WARN_BOOL_CONVERSION = YES;
				CLANG_WARN_COMMA = YES;
				CLANG_WARN_CONSTANT_CONVERSION = YES;
				CLANG_WARN_DEPRECATED_OBJC_IMPLEMENTATIONS = YES;
				CLANG_WARN_DIRECT_OBJC_ISA_USAGE = YES_ERROR;
				CLANG_WARN_DOCUMENTATION_COMMENTS = YES;
				CLANG_WARN_EMPTY_BODY = YES;
				CLANG_WARN_ENUM_CONVERSION = YES;
				CLANG_WARN_INFINITE_RECURSION = YES;
				CLANG_WARN_INT_CONVERSION = YES;
				CLANG_WARN_NON_LITERAL_NULL_CONVERSION = YES;
				CLANG_WARN_OBJC_IMPLICIT_RETAIN_SELF = YES;
				CLANG_WARN_OBJC_LITERAL_CONVERSION = YES;
				CLANG_WARN_OBJC_ROOT_CLASS = YES_ERROR;
				CLANG_WARN_RANGE_LOOP_ANALYSIS = YES;
				CLANG_WARN_STRICT_PROTOTYPES = YES;
				CLANG_WARN_SUSPICIOUS_MOVE = YES;
				CLANG_WARN_UNGUARDED_AVAILABILITY = YES_AGGRESSIVE;
				CLANG_WARN_UNREACHABLE_CODE = YES;
				CLANG_WARN__DUPLICATE_METHOD_MATCH = YES;
				COPY_PHASE_STRIP = NO;
				DEBUG_INFORMATION_FORMAT = dwarf;
				ENABLE_STRICT_OBJC_MSGSEND = YES;
				ENABLE_TESTABILITY = YES;
				GCC_C_LANGUAGE_STANDARD = gnu11;
				GCC_DYNAMIC_NO_PIC = NO;
				GCC_NO_COMMON_BLOCKS = YES;
				GCC_OPTIMIZATION_LEVEL = 0;
				GCC_PREPROCESSOR_DEFINITIONS = (
					"DEBUG=1",
					"$(inherited)",
				);
				GCC_WARN_64_TO_32_BIT_CONVERSION = YES;
				GCC_WARN_ABOUT_RETURN_TYPE = YES_ERROR;
				GCC_WARN_UNDECLARED_SELECTOR = YES;
				GCC_WARN_UNINITIALIZED_AUTOS = YES_AGGRESSIVE;
				GCC_WARN_UNUSED_FUNCTION = YES;
				GCC_WARN_UNUSED_VARIABLE = YES;
				MACOSX_DEPLOYMENT_TARGET = 10.15;
				MTL_ENABLE_DEBUG_INFO = INCLUDE_SOURCE;
				MTL_FAST_MATH = YES;
				ONLY_ACTIVE_ARCH = YES;
				SDKROOT = macosx;
			};
			name = Debug;
		};
		DFA4161A24D4A619007A896D /* Release */ = {
			isa = XCBuildConfiguration;
			buildSettings = {
				ALWAYS_SEARCH_USER_PATHS = NO;
				CLANG_ANALYZER_NONNULL = YES;
				CLANG_ANALYZER_NUMBER_OBJECT_CONVERSION = YES_AGGRESSIVE;
				CLANG_CXX_LANGUAGE_STANDARD = "gnu++14";
				CLANG_CXX_LIBRARY = "libc++";
				CLANG_ENABLE_MODULES = YES;
				CLANG_ENABLE_OBJC_ARC = YES;
				CLANG_ENABLE_OBJC_WEAK = YES;
				CLANG_WARN_BLOCK_CAPTURE_AUTORELEASING = YES;
				CLANG_WARN_BOOL_CONVERSION = YES;
				CLANG_WARN_COMMA = YES;
				CLANG_WARN_CONSTANT_CONVERSION = YES;
				CLANG_WARN_DEPRECATED_OBJC_IMPLEMENTATIONS = YES;
				CLANG_WARN_DIRECT_OBJC_ISA_USAGE = YES_ERROR;
				CLANG_WARN_DOCUMENTATION_COMMENTS = YES;
				CLANG_WARN_EMPTY_BODY = YES;
				CLANG_WARN_ENUM_CONVERSION = YES;
				CLANG_WARN_INFINITE_RECURSION = YES;
				CLANG_WARN_INT_CONVERSION = YES;
				CLANG_WARN_NON_LITERAL_NULL_CONVERSION = YES;
				CLANG_WARN_OBJC_IMPLICIT_RETAIN_SELF = YES;
				CLANG_WARN_OBJC_LITERAL_CONVERSION = YES;
				CLANG_WARN_OBJC_ROOT_CLASS = YES_ERROR;
				CLANG_WARN_RANGE_LOOP_ANALYSIS = YES;
				CLANG_WARN_STRICT_PROTOTYPES = YES;
				CLANG_WARN_SUSPICIOUS_MOVE = YES;
				CLANG_WARN_UNGUARDED_AVAILABILITY = YES_AGGRESSIVE;
				CLANG_WARN_UNREACHABLE_CODE = YES;
				CLANG_WARN__DUPLICATE_METHOD_MATCH = YES;
				COPY_PHASE_STRIP = NO;
				DEBUG_INFORMATION_FORMAT = "dwarf-with-dsym";
				ENABLE_NS_ASSERTIONS = NO;
				ENABLE_STRICT_OBJC_MSGSEND = YES;
				GCC_C_LANGUAGE_STANDARD = gnu11;
				GCC_NO_COMMON_BLOCKS = YES;
				GCC_WARN_64_TO_32_BIT_CONVERSION = YES;
				GCC_WARN_ABOUT_RETURN_TYPE = YES_ERROR;
				GCC_WARN_UNDECLARED_SELECTOR = YES;
				GCC_WARN_UNINITIALIZED_AUTOS = YES_AGGRESSIVE;
				GCC_WARN_UNUSED_FUNCTION = YES;
				GCC_WARN_UNUSED_VARIABLE = YES;
				MACOSX_DEPLOYMENT_TARGET = 10.15;
				MTL_ENABLE_DEBUG_INFO = NO;
				MTL_FAST_MATH = YES;
				SDKROOT = macosx;
			};
			name = Release;
		};
		DFA4161C24D4A619007A896D /* Debug */ = {
			isa = XCBuildConfiguration;
			buildSettings = {
				CODE_SIGN_STYLE = Automatic;
				PRODUCT_NAME = "$(TARGET_NAME)";
			};
			name = Debug;
		};
		DFA4161D24D4A619007A896D /* Release */ = {
			isa = XCBuildConfiguration;
			buildSettings = {
				CODE_SIGN_STYLE = Automatic;
				PRODUCT_NAME = "$(TARGET_NAME)";
			};
			name = Release;
		};
/* End XCBuildConfiguration section */

/* Begin XCConfigurationList section */
		DFA4160F24D4A619007A896D /* Build configuration list for PBXProject "TwoSums" */ = {
			isa = XCConfigurationList;
			buildConfigurations = (
				DFA4161924D4A619007A896D /* Debug */,
				DFA4161A24D4A619007A896D /* Release */,
			);
			defaultConfigurationIsVisible = 0;
			defaultConfigurationName = Release;
		};
		DFA4161B24D4A619007A896D /* Build configuration list for PBXNativeTarget "TwoSums" */ = {
			isa = XCConfigurationList;
			buildConfigurations = (
				DFA4161C24D4A619007A896D /* Debug */,
				DFA4161D24D4A619007A896D /* Release */,
			);
			defaultConfigurationIsVisible = 0;
			defaultConfigurationName = Release;
		};
/* End XCConfigurationList section */
	};
	rootObject = DFA4160C24D4A619007A896D /* Project object */;
}
